github.com/essentialkaos/check v1.4.1 h1:SuxXzrbokPGTPWxGRnzy0hXvtb44mtVrdNxgPa1s4c8=
github.com/essentialkaos/check v1.4.1/go.mod h1:xQOYwFvnxfVZyt5Qvjoa1SxcRqu5VyP77pgALr3iu+M=
github.com/essentialkaos/depsy v1.3.1 h1:00k9QcMsdPM4IzDaEFHsTHBD/zoM0oxtB5+dMUwbQa8=
github.com/essentialkaos/depsy v1.3.1/go.mod h1:B5+7Jhv2a2RacOAxIKU2OeJp9QfZjwIpEEPI5X7auWM=
github.com/essentialkaos/ek/v13 v13.34.0 h1:PyBygCvNMy8pj813Uyaj91lfe5BBln4kaCXEUeBhwqE=
github.com/essentialkaos/ek/v13 v13.34.0/go.mod h1:KogEVxdBc5aBszAZy4owyItl4kYsy/8orp8xfw/lE1Y=
github.com/essentialkaos/go-simpleyaml/v2 v2.2.0 h1:MtTJMjRYeba3AoSald0oVF6/aiShTHHwlLl7pfs29pQ=
github.com/essentialkaos/go-simpleyaml/v2 v2.2.0/go.mod h1:DggbDjR+uPz/En63o6HvoycYRZw+mSywrXc5ySvk8MU=
github.com/essentialkaos/npck v1.7.3 h1:MU8WmvSAIbPoRL5ov4dnzKzVJUfCJ+nwAS2BmOdbBXA=
github.com/essentialkaos/npck v1.7.3/go.mod h1:Q9gSbib3rUdU38AvFC2UazlC3y9q+P5OHUZ1mpvAHrs=
github.com/essentialkaos/yaml/v2 v2.4.1 h1:smhmufQ6t+QYu1k3/rUPQ35qf3ymWoRUaQEOiBuTrIg=
github.com/essentialkaos/yaml/v2 v2.4.1/go.mod h1:LgnGU0KlVWLyTExdsrWpdJEldaRpYN+r/Pcqh8NWSz8=
github.com/klauspost/compress v1.18.0 h1:c/Cqfb0r+Yi+JtIEq73FWXVkRonBlf0CRNYc8Zttxdo=
github.com/klauspost/compress v1.18.0/go.mod h1:2Pp+KzxcywXVXMr50+X0Q/Lsb43OQHYWRCY2AiWywWQ=
github.com/kr/pretty v0.3.1 h1:flRD4NNwYAUpkphVc1HcthR4KEIFJ65n8Mw5qdRn3LE=
github.com/kr/pretty v0.3.1/go.mod h1:hoEshYVHaxMs3cyo3Yncou5ZscifuDolrwPKZanG3xk=
github.com/kr/text v0.2.0 h1:5Nx0Ya0ZqY2ygV366QzturHI13Jq95ApcVaJBhpS+AY=
github.com/kr/text v0.2.0/go.mod h1:eLer722TekiGuMkidMxC/pM04lWEeraHUUmBw8l2grE=
github.com/pierrec/lz4/v4 v4.1.22 h1:cKFw6uJDK+/gfw5BcDL0JL5aBsAFdsIT18eRtLj7VIU=
github.com/pierrec/lz4/v4 v4.1.22/go.mod h1:gZWDp/Ze/IJXGXf23ltt2EXimqmTUXEy0GFuRQyBid4=
github.com/rogpeppe/go-internal v1.14.1 h1:UQB4HGPB6osV0SQTLymcB4TgvyWu6ZyliaW0tI/otEQ=
github.com/rogpeppe/go-internal v1.14.1/go.mod h1:MaRKkUm5W0goXpeCfT7UZI6fk/L7L7so1lCWt35ZSgc=
github.com/ulikunitz/xz v0.5.14 h1:uv/0Bq533iFdnMHZdRBTOlaNMdb1+ZxXIlHDZHIHcvg=
github.com/ulikunitz/xz v0.5.14/go.mod h1:nbz6k7qbPmH4IRqmfOplQw/tblSgqTqBwxkY0oWt/14=
golang.org/x/sys v0.36.0 h1:KVRy2GtZBrk1cBYA7MKu5bEZFxQk4NIDV6RLVcC8o0k=
golang.org/x/sys v0.36.0/go.mod h1:OgkHotnGiDImocRcuBABYBEXf8A9a87e/uXjp9XT3ks=
